
Microsoft Visual Studio Solution File, Format Version 12.00
# Visual Studio Version 16
VisualStudioVersion = 16.0.30804.86
MinimumVisualStudioVersion = 10.0.40219.1
Project("{FAE04EC0-301F-11D3-BF4B-00C04F79EFBC}") = "CA210121_savanna", "CA210121_savanna\CA210121_savanna.csproj", "{3B632D80-A719-433F-A56B-A3BB6D2831FA}"
EndProject
Global
	GlobalSection(SolutionConfigurationPlatforms) = preSolution
		Debug|Any CPU = Debug|Any CPU
		Release|Any CPU = Release|Any CPU
	EndGlobalSection
	GlobalSection(ProjectConfigurationPlatforms) = postSolution
		{3B632D80-A719-433F-A56B-A3BB6D2831FA}.Debug|Any CPU.ActiveCfg = Debug|Any CPU
		{3B632D80-A719-433F-A56B-A3BB6D2831FA}.Debug|Any CPU.Build.0 = Debug|Any CPU
		{3B632D80-A719-433F-A56B-A3BB6D2831FA}.Release|Any CPU.ActiveCfg = Release|Any CPU
		{3B632D80-A719-433F-A56B-A3BB6D2831FA}.Release|Any CPU.Build.0 = Release|Any CPU
	EndGlobalSection
	GlobalSection(SolutionProperties) = preSolution
		HideSolutionNode = FALSE
	EndGlobalSection
	GlobalSection(ExtensibilityGlobals) = postSolution
		SolutionGuid = {EC815304-7002-4387-8155-E3D35D112384}
	EndGlobalSection
EndGlobal
